
Microsoft Visual Studio Solution File, Format Version 12.00
# Visual Studio Version 17
VisualStudioVersion = 17.13.35931.197
MinimumVisualStudioVersion = 10.0.40219.1
Project("{FAE04EC0-301F-11D3-BF4B-00C04F79EFBC}") = "ContactApp", "ContactApp\ContactApp.csproj", "{B7ABCAEE-A9D0-4D06-A3E2-D6F468576525}"
EndProject
Global
	GlobalSection(SolutionConfigurationPlatforms) = preSolution
		Debug|Any CPU = Debug|Any CPU
		Release|Any CPU = Release|Any CPU
	EndGlobalSection
	GlobalSection(ProjectConfigurationPlatforms) = postSolution
		{B7ABCAEE-A9D0-4D06-A3E2-D6F468576525}.Debug|Any CPU.ActiveCfg = Debug|Any CPU
		{B7ABCAEE-A9D0-4D06-A3E2-D6F468576525}.Debug|Any CPU.Build.0 = Debug|Any CPU
		{B7ABCAEE-A9D0-4D06-A3E2-D6F468576525}.Release|Any CPU.ActiveCfg = Release|Any CPU
		{B7ABCAEE-A9D0-4D06-A3E2-D6F468576525}.Release|Any CPU.Build.0 = Release|Any CPU
	EndGlobalSection
	GlobalSection(SolutionProperties) = preSolution
		HideSolutionNode = FALSE
	EndGlobalSection
	GlobalSection(ExtensibilityGlobals) = postSolution
		SolutionGuid = {E4D33DBD-2D02-4502-8677-A1C9E498CBF3}
	EndGlobalSection
EndGlobal
